
Microsoft Visual Studio Solution File, Format Version 12.00
# Visual Studio Version 16
VisualStudioVersion = 16.0.30711.63
MinimumVisualStudioVersion = 10.0.40219.1
Project("{FAE04EC0-301F-11D3-BF4B-00C04F79EFBC}") = "Article.DataAccess", "Article.DataAccess\Article.DataAccess.csproj", "{3B81374F-EF04-41CE-B379-4B8B10D3251B}"
EndProject
Project("{FAE04EC0-301F-11D3-BF4B-00C04F79EFBC}") = "Article.Business", "Article.Business\Article.Business.csproj", "{4D76349E-7278-4D51-B0E3-A82010109A3C}"
EndProject
Project("{FAE04EC0-301F-11D3-BF4B-00C04F79EFBC}") = "Article.Api", "Article.Api\Article.Api.csproj", "{911F6F62-3EA9-4787-A3BB-E86E1D8011D3}"
EndProject
Project("{FAE04EC0-301F-11D3-BF4B-00C04F79EFBC}") = "Article.Entities", "Article.Entities\Article.Entities.csproj", "{84BA463A-BDA9-4D17-9FB1-2A5EF771CAFD}"
EndProject
Global
	GlobalSection(SolutionConfigurationPlatforms) = preSolution
		Debug|Any CPU = Debug|Any CPU
		Release|Any CPU = Release|Any CPU
	EndGlobalSection
	GlobalSection(ProjectConfigurationPlatforms) = postSolution
		{3B81374F-EF04-41CE-B379-4B8B10D3251B}.Debug|Any CPU.ActiveCfg = Debug|Any CPU
		{3B81374F-EF04-41CE-B379-4B8B10D3251B}.Debug|Any CPU.Build.0 = Debug|Any CPU
		{3B81374F-EF04-41CE-B379-4B8B10D3251B}.Release|Any CPU.ActiveCfg = Release|Any CPU
		{3B81374F-EF04-41CE-B379-4B8B10D3251B}.Release|Any CPU.Build.0 = Release|Any CPU
		{4D76349E-7278-4D51-B0E3-A82010109A3C}.Debug|Any CPU.ActiveCfg = Debug|Any CPU
		{4D76349E-7278-4D51-B0E3-A82010109A3C}.Debug|Any CPU.Build.0 = Debug|Any CPU
		{4D76349E-7278-4D51-B0E3-A82010109A3C}.Release|Any CPU.ActiveCfg = Release|Any CPU
		{4D76349E-7278-4D51-B0E3-A82010109A3C}.Release|Any CPU.Build.0 = Release|Any CPU
		{911F6F62-3EA9-4787-A3BB-E86E1D8011D3}.Debug|Any CPU.ActiveCfg = Debug|Any CPU
		{911F6F62-3EA9-4787-A3BB-E86E1D8011D3}.Debug|Any CPU.Build.0 = Debug|Any CPU
		{911F6F62-3EA9-4787-A3BB-E86E1D8011D3}.Release|Any CPU.ActiveCfg = Release|Any CPU
		{911F6F62-3EA9-4787-A3BB-E86E1D8011D3}.Release|Any CPU.Build.0 = Release|Any CPU
		{84BA463A-BDA9-4D17-9FB1-2A5EF771CAFD}.Debug|Any CPU.ActiveCfg = Debug|Any CPU
		{84BA463A-BDA9-4D17-9FB1-2A5EF771CAFD}.Debug|Any CPU.Build.0 = Debug|Any CPU
		{84BA463A-BDA9-4D17-9FB1-2A5EF771CAFD}.Release|Any CPU.ActiveCfg = Release|Any CPU
		{84BA463A-BDA9-4D17-9FB1-2A5EF771CAFD}.Release|Any CPU.Build.0 = Release|Any CPU
	EndGlobalSection
	GlobalSection(SolutionProperties) = preSolution
		HideSolutionNode = FALSE
	EndGlobalSection
	GlobalSection(ExtensibilityGlobals) = postSolution
		SolutionGuid = {45609FAB-EF53-4DFE-A19B-EEB26A4163FD}
	EndGlobalSection
EndGlobal
